
Microsoft Visual Studio Solution File, Format Version 12.00
# Visual Studio Version 16
VisualStudioVersion = 16.0.30907.101
MinimumVisualStudioVersion = 10.0.40219.1
Project("{8BC9CEB8-8B4A-11D0-8D11-00A0C91BC942}") = "omp", "omp\omp.vcxproj", "{079E3CEE-7B5B-4E98-972D-E80AF334417C}"
EndProject
Global
	GlobalSection(SolutionConfigurationPlatforms) = preSolution
		Debug|Win32 = Debug|Win32
		main|Win32 = main|Win32
		omp|Win32 = omp|Win32
		Release|Win32 = Release|Win32
	EndGlobalSection
	GlobalSection(ProjectConfigurationPlatforms) = postSolution
		{079E3CEE-7B5B-4E98-972D-E80AF334417C}.Debug|Win32.ActiveCfg = Debug|Win32
		{079E3CEE-7B5B-4E98-972D-E80AF334417C}.Debug|Win32.Build.0 = Debug|Win32
		{079E3CEE-7B5B-4E98-972D-E80AF334417C}.main|Win32.ActiveCfg = main|Win32
		{079E3CEE-7B5B-4E98-972D-E80AF334417C}.main|Win32.Build.0 = main|Win32
		{079E3CEE-7B5B-4E98-972D-E80AF334417C}.omp|Win32.ActiveCfg = omp|Win32
		{079E3CEE-7B5B-4E98-972D-E80AF334417C}.omp|Win32.Build.0 = omp|Win32
		{079E3CEE-7B5B-4E98-972D-E80AF334417C}.Release|Win32.ActiveCfg = Release|Win32
		{079E3CEE-7B5B-4E98-972D-E80AF334417C}.Release|Win32.Build.0 = Release|Win32
	EndGlobalSection
	GlobalSection(SolutionProperties) = preSolution
		HideSolutionNode = FALSE
	EndGlobalSection
	GlobalSection(ExtensibilityGlobals) = postSolution
		SolutionGuid = {8A44C8C4-AD15-4FBD-8578-3413FABB35DD}
	EndGlobalSection
EndGlobal
